
Microsoft Visual Studio Solution File, Format Version 12.00
# Visual Studio Version 16
VisualStudioVersion = 16.0.30611.23
MinimumVisualStudioVersion = 10.0.40219.1
Project("{FAE04EC0-301F-11D3-BF4B-00C04F79EFBC}") = "ClassExample", "ClassExample\ClassExample.csproj", "{F9D885AD-7249-453B-8AEE-C1264575EBAB}"
EndProject
Global
	GlobalSection(SolutionConfigurationPlatforms) = preSolution
		Debug|Any CPU = Debug|Any CPU
		Release|Any CPU = Release|Any CPU
	EndGlobalSection
	GlobalSection(ProjectConfigurationPlatforms) = postSolution
		{F9D885AD-7249-453B-8AEE-C1264575EBAB}.Debug|Any CPU.ActiveCfg = Debug|Any CPU
		{F9D885AD-7249-453B-8AEE-C1264575EBAB}.Debug|Any CPU.Build.0 = Debug|Any CPU
		{F9D885AD-7249-453B-8AEE-C1264575EBAB}.Release|Any CPU.ActiveCfg = Release|Any CPU
		{F9D885AD-7249-453B-8AEE-C1264575EBAB}.Release|Any CPU.Build.0 = Release|Any CPU
	EndGlobalSection
	GlobalSection(SolutionProperties) = preSolution
		HideSolutionNode = FALSE
	EndGlobalSection
	GlobalSection(ExtensibilityGlobals) = postSolution
		SolutionGuid = {02D33E63-EB67-4C15-8D7C-06BE5547F747}
	EndGlobalSection
EndGlobal
